
Microsoft Visual Studio Solution File, Format Version 12.00
# Visual Studio 15
VisualStudioVersion = 15.0.28010.2026
MinimumVisualStudioVersion = 10.0.40219.1
Project("{FAE04EC0-301F-11D3-BF4B-00C04F79EFBC}") = "ConsoleApp1", "ConsoleApp1\ConsoleApp1.csproj", "{BAF272D6-4321-4E6C-8575-E1D29D88C2F0}"
EndProject
Global
	GlobalSection(SolutionConfigurationPlatforms) = preSolution
		Debug|Any CPU = Debug|Any CPU
		Release|Any CPU = Release|Any CPU
	EndGlobalSection
	GlobalSection(ProjectConfigurationPlatforms) = postSolution
		{BAF272D6-4321-4E6C-8575-E1D29D88C2F0}.Debug|Any CPU.ActiveCfg = Debug|Any CPU
		{BAF272D6-4321-4E6C-8575-E1D29D88C2F0}.Debug|Any CPU.Build.0 = Debug|Any CPU
		{BAF272D6-4321-4E6C-8575-E1D29D88C2F0}.Release|Any CPU.ActiveCfg = Release|Any CPU
		{BAF272D6-4321-4E6C-8575-E1D29D88C2F0}.Release|Any CPU.Build.0 = Release|Any CPU
	EndGlobalSection
	GlobalSection(SolutionProperties) = preSolution
		HideSolutionNode = FALSE
	EndGlobalSection
	GlobalSection(ExtensibilityGlobals) = postSolution
		SolutionGuid = {6F4F1823-3DDE-4F32-8402-057DEAB263B1}
	EndGlobalSection
EndGlobal
